
Microsoft Visual Studio Solution File, Format Version 12.00
# Visual Studio Version 17
VisualStudioVersion = 17.9.34728.123
MinimumVisualStudioVersion = 10.0.40219.1
Project("{FAE04EC0-301F-11D3-BF4B-00C04F79EFBC}") = "ZuhourC1", "ZuhourC1.csproj", "{C55980F8-BBFA-4712-A762-480CCC1F8653}"
EndProject
Global
	GlobalSection(SolutionConfigurationPlatforms) = preSolution
		Debug|Any CPU = Debug|Any CPU
		Release|Any CPU = Release|Any CPU
	EndGlobalSection
	GlobalSection(ProjectConfigurationPlatforms) = postSolution
		{C55980F8-BBFA-4712-A762-480CCC1F8653}.Debug|Any CPU.ActiveCfg = Debug|Any CPU
		{C55980F8-BBFA-4712-A762-480CCC1F8653}.Debug|Any CPU.Build.0 = Debug|Any CPU
		{C55980F8-BBFA-4712-A762-480CCC1F8653}.Release|Any CPU.ActiveCfg = Release|Any CPU
		{C55980F8-BBFA-4712-A762-480CCC1F8653}.Release|Any CPU.Build.0 = Release|Any CPU
	EndGlobalSection
	GlobalSection(SolutionProperties) = preSolution
		HideSolutionNode = FALSE
	EndGlobalSection
	GlobalSection(ExtensibilityGlobals) = postSolution
		SolutionGuid = {30CD70F4-4FFB-4C13-B79E-09236AF7411D}
	EndGlobalSection
EndGlobal
